
Microsoft Visual Studio Solution File, Format Version 12.00
# Visual Studio 2015
Project("{FAE04EC0-301F-11D3-BF4B-00C04F79EFBC}") = "UnivVR.CSharp", "UnivVR.CSharp.csproj", "{ADAD7A66-1509-755A-50AC-22B16A8CEDDE}"
EndProject
Project("{FAE04EC0-301F-11D3-BF4B-00C04F79EFBC}") = "UnivVR.CSharp.Editor", "UnivVR.CSharp.Editor.csproj", "{83187919-4CA0-1D2F-B8AA-0328285BAD9C}"
EndProject
Global
	GlobalSection(SolutionConfigurationPlatforms) = preSolution
		Debug|Any CPU = Debug|Any CPU
		Release|Any CPU = Release|Any CPU
	EndGlobalSection
	GlobalSection(ProjectConfigurationPlatforms) = postSolution
		{ADAD7A66-1509-755A-50AC-22B16A8CEDDE}.Debug|Any CPU.ActiveCfg = Debug|Any CPU
		{ADAD7A66-1509-755A-50AC-22B16A8CEDDE}.Debug|Any CPU.Build.0 = Debug|Any CPU
		{ADAD7A66-1509-755A-50AC-22B16A8CEDDE}.Release|Any CPU.ActiveCfg = Release|Any CPU
		{ADAD7A66-1509-755A-50AC-22B16A8CEDDE}.Release|Any CPU.Build.0 = Release|Any CPU
		{83187919-4CA0-1D2F-B8AA-0328285BAD9C}.Debug|Any CPU.ActiveCfg = Debug|Any CPU
		{83187919-4CA0-1D2F-B8AA-0328285BAD9C}.Debug|Any CPU.Build.0 = Debug|Any CPU
		{83187919-4CA0-1D2F-B8AA-0328285BAD9C}.Release|Any CPU.ActiveCfg = Release|Any CPU
		{83187919-4CA0-1D2F-B8AA-0328285BAD9C}.Release|Any CPU.Build.0 = Release|Any CPU
	EndGlobalSection
	GlobalSection(SolutionProperties) = preSolution
		HideSolutionNode = FALSE
	EndGlobalSection
EndGlobal
